
Microsoft Visual Studio Solution File, Format Version 12.00
# Visual Studio Version 17
VisualStudioVersion = 17.8.34408.163
MinimumVisualStudioVersion = 10.0.40219.1
Project("{FAE04EC0-301F-11D3-BF4B-00C04F79EFBC}") = "CQRS.Api", "CQRS\CQRS.Api.csproj", "{6532B361-9508-4B03-B1A1-3544E7A8BD64}"
EndProject
Project("{FAE04EC0-301F-11D3-BF4B-00C04F79EFBC}") = "CQRS.Domain", "CQRS.Domain\CQRS.Domain.csproj", "{D153AD52-F9F6-47BD-845A-E0B5392B804D}"
EndProject
Project("{FAE04EC0-301F-11D3-BF4B-00C04F79EFBC}") = "CQRS.Application", "CQRS.Application\CQRS.Application.csproj", "{3A2F7F68-7EE7-489A-8941-3ABEBC4F37B4}"
EndProject
Project("{FAE04EC0-301F-11D3-BF4B-00C04F79EFBC}") = "CQRS.Infrastructure", "CQRS.Infrastructure\CQRS.Infrastructure.csproj", "{D032E0D1-6185-41AE-945E-FBD080DA8DD4}"
EndProject
Project("{2150E333-8FDC-42A3-9474-1A3956D46DE8}") = "src", "src", "{65A8A28D-2DBC-4DFC-9A38-DBFC4DCE68F3}"
EndProject
Global
	GlobalSection(SolutionConfigurationPlatforms) = preSolution
		Debug|Any CPU = Debug|Any CPU
		Release|Any CPU = Release|Any CPU
	EndGlobalSection
	GlobalSection(ProjectConfigurationPlatforms) = postSolution
		{6532B361-9508-4B03-B1A1-3544E7A8BD64}.Debug|Any CPU.ActiveCfg = Debug|Any CPU
		{6532B361-9508-4B03-B1A1-3544E7A8BD64}.Debug|Any CPU.Build.0 = Debug|Any CPU
		{6532B361-9508-4B03-B1A1-3544E7A8BD64}.Release|Any CPU.ActiveCfg = Release|Any CPU
		{6532B361-9508-4B03-B1A1-3544E7A8BD64}.Release|Any CPU.Build.0 = Release|Any CPU
		{D153AD52-F9F6-47BD-845A-E0B5392B804D}.Debug|Any CPU.ActiveCfg = Debug|Any CPU
		{D153AD52-F9F6-47BD-845A-E0B5392B804D}.Debug|Any CPU.Build.0 = Debug|Any CPU
		{D153AD52-F9F6-47BD-845A-E0B5392B804D}.Release|Any CPU.ActiveCfg = Release|Any CPU
		{D153AD52-F9F6-47BD-845A-E0B5392B804D}.Release|Any CPU.Build.0 = Release|Any CPU
		{3A2F7F68-7EE7-489A-8941-3ABEBC4F37B4}.Debug|Any CPU.ActiveCfg = Debug|Any CPU
		{3A2F7F68-7EE7-489A-8941-3ABEBC4F37B4}.Debug|Any CPU.Build.0 = Debug|Any CPU
		{3A2F7F68-7EE7-489A-8941-3ABEBC4F37B4}.Release|Any CPU.ActiveCfg = Release|Any CPU
		{3A2F7F68-7EE7-489A-8941-3ABEBC4F37B4}.Release|Any CPU.Build.0 = Release|Any CPU
		{D032E0D1-6185-41AE-945E-FBD080DA8DD4}.Debug|Any CPU.ActiveCfg = Debug|Any CPU
		{D032E0D1-6185-41AE-945E-FBD080DA8DD4}.Debug|Any CPU.Build.0 = Debug|Any CPU
		{D032E0D1-6185-41AE-945E-FBD080DA8DD4}.Release|Any CPU.ActiveCfg = Release|Any CPU
		{D032E0D1-6185-41AE-945E-FBD080DA8DD4}.Release|Any CPU.Build.0 = Release|Any CPU
	EndGlobalSection
	GlobalSection(SolutionProperties) = preSolution
		HideSolutionNode = FALSE
	EndGlobalSection
	GlobalSection(NestedProjects) = preSolution
		{6532B361-9508-4B03-B1A1-3544E7A8BD64} = {65A8A28D-2DBC-4DFC-9A38-DBFC4DCE68F3}
		{D153AD52-F9F6-47BD-845A-E0B5392B804D} = {65A8A28D-2DBC-4DFC-9A38-DBFC4DCE68F3}
		{3A2F7F68-7EE7-489A-8941-3ABEBC4F37B4} = {65A8A28D-2DBC-4DFC-9A38-DBFC4DCE68F3}
		{D032E0D1-6185-41AE-945E-FBD080DA8DD4} = {65A8A28D-2DBC-4DFC-9A38-DBFC4DCE68F3}
	EndGlobalSection
	GlobalSection(ExtensibilityGlobals) = postSolution
		SolutionGuid = {858CF946-60BD-429D-9DDC-75B72EC7C7AD}
	EndGlobalSection
EndGlobal
